// !$*UTF8*$!
{
	archiveVersion = 1;
	classes = {
	};
	objectVersion = 46;
	objects = {

/* Begin PBXBuildFile section */
		CB8164921D1AC5FF00205181 /* AppDelegate.swift in Sources */ = {isa = PBXBuildFile; fileRef = CB8164911D1AC5FF00205181 /* AppDelegate.swift */; };
		CB8164941D1AC5FF00205181 /* ViewController.swift in Sources */ = {isa = PBXBuildFile; fileRef = CB8164931D1AC5FF00205181 /* ViewController.swift */; };
		CB8164991D1AC5FF00205181 /* Assets.xcassets in Resources */ = {isa = PBXBuildFile; fileRef = CB8164981D1AC5FF00205181 /* Assets.xcassets */; };
		CB81649C1D1AC5FF00205181 /* LaunchScreen.storyboard in Resources */ = {isa = PBXBuildFile; fileRef = CB81649A1D1AC5FF00205181 /* LaunchScreen.storyboard */; };
		CB8164A51D1AC7B900205181 /* XPageViewController.swift in Sources */ = {isa = PBXBuildFile; fileRef = CB8164A41D1AC7B900205181 /* XPageViewController.swift */; };
		CB8164A71D1ACBEE00205181 /* ValueExtensions.swift in Sources */ = {isa = PBXBuildFile; fileRef = CB8164A61D1ACBEE00205181 /* ValueExtensions.swift */; };
		CB8164A91D1ACD4600205181 /* XPageExtension.swift in Sources */ = {isa = PBXBuildFile; fileRef = CB8164A81D1ACD4600205181 /* XPageExtension.swift */; };
/* End PBXBuildFile section */

/* Begin PBXFileReference section */
		CB81648E1D1AC5FF00205181 /* XPageViewControllerTest.app */ = {isa = PBXFileReference; explicitFileType = wrapper.application; includeInIndex = 0; path = XPageViewControllerTest.app; sourceTree = BUILT_PRODUCTS_DIR; };
		CB8164911D1AC5FF00205181 /* AppDelegate.swift */ = {isa = PBXFileReference; lastKnownFileType = sourcecode.swift; path = AppDelegate.swift; sourceTree = "<group>"; };
		CB8164931D1AC5FF00205181 /* ViewController.swift */ = {isa = PBXFileReference; lastKnownFileType = sourcecode.swift; path = ViewController.swift; sourceTree = "<group>"; };
		CB8164981D1AC5FF00205181 /* Assets.xcassets */ = {isa = PBXFileReference; lastKnownFileType = folder.assetcatalog; path = Assets.xcassets; sourceTree = "<group>"; };
		CB81649B1D1AC5FF00205181 /* Base */ = {isa = PBXFileReference; lastKnownFileType = file.storyboard; name = Base; path = Base.lproj/LaunchScreen.storyboard; sourceTree = "<group>"; };
		CB81649D1D1AC5FF00205181 /* Info.plist */ = {isa = PBXFileReference; lastKnownFileType = text.plist.xml; path = Info.plist; sourceTree = "<group>"; };
		CB8164A41D1AC7B900205181 /* XPageViewController.swift */ = {isa = PBXFileReference; fileEncoding = 4; lastKnownFileType = sourcecode.swift; path = XPageViewController.swift; sourceTree = "<group>"; };
		CB8164A61D1ACBEE00205181 /* ValueExtensions.swift */ = {isa = PBXFileReference; fileEncoding = 4; lastKnownFileType = sourcecode.swift; path = ValueExtensions.swift; sourceTree = "<group>"; };
		CB8164A81D1ACD4600205181 /* XPageExtension.swift */ = {isa = PBXFileReference; fileEncoding = 4; lastKnownFileType = sourcecode.swift; path = XPageExtension.swift; sourceTree = "<group>"; };
/* End PBXFileReference section */

/* Begin PBXFrameworksBuildPhase section */
		CB81648B1D1AC5FF00205181 /* Frameworks */ = {
			isa = PBXFrameworksBuildPhase;
			buildActionMask = 2147483647;
			files = (
			);
			runOnlyForDeploymentPostprocessing = 0;
		};
/* End PBXFrameworksBuildPhase section */

/* Begin PBXGroup section */
		CB8164851D1AC5FF00205181 = {
			isa = PBXGroup;
			children = (
				CB8164901D1AC5FF00205181 /* XPageViewControllerTest */,
				CB81648F1D1AC5FF00205181 /* Products */,
			);
			sourceTree = "<group>";
		};
		CB81648F1D1AC5FF00205181 /* Products */ = {
			isa = PBXGroup;
			children = (
				CB81648E1D1AC5FF00205181 /* XPageViewControllerTest.app */,
			);
			name = Products;
			sourceTree = "<group>";
		};
		CB8164901D1AC5FF00205181 /* XPageViewControllerTest */ = {
			isa = PBXGroup;
			children = (
				CB8164A31D1AC79200205181 /* Xpage */,
				CB8164911D1AC5FF00205181 /* AppDelegate.swift */,
				CB8164931D1AC5FF00205181 /* ViewController.swift */,
				CB8164981D1AC5FF00205181 /* Assets.xcassets */,
				CB81649A1D1AC5FF00205181 /* LaunchScreen.storyboard */,
				CB81649D1D1AC5FF00205181 /* Info.plist */,
			);
			path = XPageViewControllerTest;
			sourceTree = "<group>";
		};
		CB8164A31D1AC79200205181 /* Xpage */ = {
			isa = PBXGroup;
			children = (
				CB8164A61D1ACBEE00205181 /* ValueExtensions.swift */,
				CB8164A41D1AC7B900205181 /* XPageViewController.swift */,
				CB8164A81D1ACD4600205181 /* XPageExtension.swift */,
			);
			name = Xpage;
			sourceTree = "<group>";
		};
/* End PBXGroup section */

/* Begin PBXNativeTarget section */
		CB81648D1D1AC5FF00205181 /* XPageViewControllerTest */ = {
			isa = PBXNativeTarget;
			buildConfigurationList = CB8164A01D1AC5FF00205181 /* Build configuration list for PBXNativeTarget "XPageViewControllerTest" */;
			buildPhases = (
				CB81648A1D1AC5FF00205181 /* Sources */,
				CB81648B1D1AC5FF00205181 /* Frameworks */,
				CB81648C1D1AC5FF00205181 /* Resources */,
			);
			buildRules = (
			);
			dependencies = (
			);
			name = XPageViewControllerTest;
			productName = XPageViewControllerTest;
			productReference = CB81648E1D1AC5FF00205181 /* XPageViewControllerTest.app */;
			productType = "com.apple.product-type.application";
		};
/* End PBXNativeTarget section */

/* Begin PBXProject section */
		CB8164861D1AC5FF00205181 /* Project object */ = {
			isa = PBXProject;
			attributes = {
				LastSwiftUpdateCheck = 0730;
				LastUpgradeCheck = 0730;
				ORGANIZATIONNAME = gsunis;
				TargetAttributes = {
					CB81648D1D1AC5FF00205181 = {
						CreatedOnToolsVersion = 7.3.1;
						DevelopmentTeam = W7V5DQXFK8;
					};
				};
			};
			buildConfigurationList = CB8164891D1AC5FF00205181 /* Build configuration list for PBXProject "XPageViewControllerTest" */;
			compatibilityVersion = "Xcode 3.2";
			developmentRegion = English;
			hasScannedForEncodings = 0;
			knownRegions = (
				en,
				Base,
			);
			mainGroup = CB8164851D1AC5FF00205181;
			productRefGroup = CB81648F1D1AC5FF00205181 /* Products */;
			projectDirPath = "";
			projectRoot = "";
			targets = (
				CB81648D1D1AC5FF00205181 /* XPageViewControllerTest */,
			);
		};
/* End PBXProject section */

/* Begin PBXResourcesBuildPhase section */
		CB81648C1D1AC5FF00205181 /* Resources */ = {
			isa = PBXResourcesBuildPhase;
			buildActionMask = 2147483647;
			files = (
				CB81649C1D1AC5FF00205181 /* LaunchScreen.storyboard in Resources */,
				CB8164991D1AC5FF00205181 /* Assets.xcassets in Resources */,
			);
			runOnlyForDeploymentPostprocessing = 0;
		};
/* End PBXResourcesBuildPhase section */

/* Begin PBXSourcesBuildPhase section */
		CB81648A1D1AC5FF00205181 /* Sources */ = {
			isa = PBXSourcesBuildPhase;
			buildActionMask = 2147483647;
			files = (
				CB8164A91D1ACD4600205181 /* XPageExtension.swift in Sources */,
				CB8164941D1AC5FF00205181 /* ViewController.swift in Sources */,
				CB8164A71D1ACBEE00205181 /* ValueExtensions.swift in Sources */,
				CB8164A51D1AC7B900205181 /* XPageViewController.swift in Sources */,
				CB8164921D1AC5FF00205181 /* AppDelegate.swift in Sources */,
			);
			runOnlyForDeploymentPostprocessing = 0;
		};
/* End PBXSourcesBuildPhase section */

/* Begin PBXVariantGroup section */
		CB81649A1D1AC5FF00205181 /* LaunchScreen.storyboard */ = {
			isa = PBXVariantGroup;
			children = (
				CB81649B1D1AC5FF00205181 /* Base */,
			);
			name = LaunchScreen.storyboard;
			sourceTree = "<group>";
		};
/* End PBXVariantGroup section */

/* Begin XCBuildConfiguration section */
		CB81649E1D1AC5FF00205181 /* Debug */ = {
			isa = XCBuildConfiguration;
			buildSettings = {
				ALWAYS_SEARCH_USER_PATHS = NO;
				CLANG_ANALYZER_NONNULL = YES;
				CLANG_CXX_LANGUAGE_STANDARD = "gnu++0x";
				CLANG_CXX_LIBRARY = "libc++";
				CLANG_ENABLE_MODULES = YES;
				CLANG_ENABLE_OBJC_ARC = YES;
				CLANG_WARN_BOOL_CONVERSION = YES;
				CLANG_WARN_CONSTANT_CONVERSION = YES;
				CLANG_WARN_DIRECT_OBJC_ISA_USAGE = YES_ERROR;
				CLANG_WARN_EMPTY_BODY = YES;
				CLANG_WARN_ENUM_CONVERSION = YES;
				CLANG_WARN_INT_CONVERSION = YES;
				CLANG_WARN_OBJC_ROOT_CLASS = YES_ERROR;
				CLANG_WARN_UNREACHABLE_CODE = YES;
				CLANG_WARN__DUPLICATE_METHOD_MATCH = YES;
				"CODE_SIGN_IDENTITY[sdk=iphoneos*]" = "iPhone Developer";
				COPY_PHASE_STRIP = NO;
				DEBUG_INFORMATION_FORMAT = dwarf;
				ENABLE_STRICT_OBJC_MSGSEND = YES;
				ENABLE_TESTABILITY = YES;
				GCC_C_LANGUAGE_STANDARD = gnu99;
				GCC_DYNAMIC_NO_PIC = NO;
				GCC_NO_COMMON_BLOCKS = YES;
				GCC_OPTIMIZATION_LEVEL = 0;
				GCC_PREPROCESSOR_DEFINITIONS = (
					"DEBUG=1",
					"$(inherited)",
				);
				GCC_WARN_64_TO_32_BIT_CONVERSION = YES;
				GCC_WARN_ABOUT_RETURN_TYPE = YES_ERROR;
				GCC_WARN_UNDECLARED_SELECTOR = YES;
				GCC_WARN_UNINITIALIZED_AUTOS = YES_AGGRESSIVE;
				GCC_WARN_UNUSED_FUNCTION = YES;
				GCC_WARN_UNUSED_VARIABLE = YES;
				IPHONEOS_DEPLOYMENT_TARGET = 9.3;
				MTL_ENABLE_DEBUG_INFO = YES;
				ONLY_ACTIVE_ARCH = YES;
				SDKROOT = iphoneos;
				SWIFT_OPTIMIZATION_LEVEL = "-Onone";
				TARGETED_DEVICE_FAMILY = "1,2";
			};
			name = Debug;
		};
		CB81649F1D1AC5FF00205181 /* Release */ = {
			isa = XCBuildConfiguration;
			buildSettings = {
				ALWAYS_SEARCH_USER_PATHS = NO;
				CLANG_ANALYZER_NONNULL = YES;
				CLANG_CXX_LANGUAGE_STANDARD = "gnu++0x";
				CLANG_CXX_LIBRARY = "libc++";
				CLANG_ENABLE_MODULES = YES;
				CLANG_ENABLE_OBJC_ARC = YES;
				CLANG_WARN_BOOL_CONVERSION = YES;
				CLANG_WARN_CONSTANT_CONVERSION = YES;
				CLANG_WARN_DIRECT_OBJC_ISA_USAGE = YES_ERROR;
				CLANG_WARN_EMPTY_BODY = YES;
				CLANG_WARN_ENUM_CONVERSION = YES;
				CLANG_WARN_INT_CONVERSION = YES;
				CLANG_WARN_OBJC_ROOT_CLASS = YES_ERROR;
				CLANG_WARN_UNREACHABLE_CODE = YES;
				CLANG_WARN__DUPLICATE_METHOD_MATCH = YES;
				"CODE_SIGN_IDENTITY[sdk=iphoneos*]" = "iPhone Developer";
				COPY_PHASE_STRIP = NO;
				DEBUG_INFORMATION_FORMAT = "dwarf-with-dsym";
				ENABLE_NS_ASSERTIONS = NO;
				ENABLE_STRICT_OBJC_MSGSEND = YES;
				GCC_C_LANGUAGE_STANDARD = gnu99;
				GCC_NO_COMMON_BLOCKS = YES;
				GCC_WARN_64_TO_32_BIT_CONVERSION = YES;
				GCC_WARN_ABOUT_RETURN_TYPE = YES_ERROR;
				GCC_WARN_UNDECLARED_SELECTOR = YES;
				GCC_WARN_UNINITIALIZED_AUTOS = YES_AGGRESSIVE;
				GCC_WARN_UNUSED_FUNCTION = YES;
				GCC_WARN_UNUSED_VARIABLE = YES;
				IPHONEOS_DEPLOYMENT_TARGET = 9.3;
				MTL_ENABLE_DEBUG_INFO = NO;
				SDKROOT = iphoneos;
				TARGETED_DEVICE_FAMILY = "1,2";
				VALIDATE_PRODUCT = YES;
			};
			name = Release;
		};
		CB8164A11D1AC5FF00205181 /* Debug */ = {
			isa = XCBuildConfiguration;
			buildSettings = {
				ASSETCATALOG_COMPILER_APPICON_NAME = AppIcon;
				INFOPLIST_FILE = XPageViewControllerTest/Info.plist;
				LD_RUNPATH_SEARCH_PATHS = "$(inherited) @executable_path/Frameworks";
				PRODUCT_BUNDLE_IDENTIFIER = com.gsunis.XPageViewControllerTest;
				PRODUCT_NAME = "$(TARGET_NAME)";
			};
			name = Debug;
		};
		CB8164A21D1AC5FF00205181 /* Release */ = {
			isa = XCBuildConfiguration;
			buildSettings = {
				ASSETCATALOG_COMPILER_APPICON_NAME = AppIcon;
				INFOPLIST_FILE = XPageViewControllerTest/Info.plist;
				LD_RUNPATH_SEARCH_PATHS = "$(inherited) @executable_path/Frameworks";
				PRODUCT_BUNDLE_IDENTIFIER = com.gsunis.XPageViewControllerTest;
				PRODUCT_NAME = "$(TARGET_NAME)";
			};
			name = Release;
		};
/* End XCBuildConfiguration section */

/* Begin XCConfigurationList section */
		CB8164891D1AC5FF00205181 /* Build configuration list for PBXProject "XPageViewControllerTest" */ = {
			isa = XCConfigurationList;
			buildConfigurations = (
				CB81649E1D1AC5FF00205181 /* Debug */,
				CB81649F1D1AC5FF00205181 /* Release */,
			);
			defaultConfigurationIsVisible = 0;
			defaultConfigurationName = Release;
		};
		CB8164A01D1AC5FF00205181 /* Build configuration list for PBXNativeTarget "XPageViewControllerTest" */ = {
			isa = XCConfigurationList;
			buildConfigurations = (
				CB8164A11D1AC5FF00205181 /* Debug */,
				CB8164A21D1AC5FF00205181 /* Release */,
			);
			defaultConfigurationIsVisible = 0;
		};
/* End XCConfigurationList section */
	};
	rootObject = CB8164861D1AC5FF00205181 /* Project object */;
}
